
Microsoft Visual Studio Solution File, Format Version 12.00
# Visual Studio Version 16
VisualStudioVersion = 16.0.30717.126
MinimumVisualStudioVersion = 10.0.40219.1
Project("{FAE04EC0-301F-11D3-BF4B-00C04F79EFBC}") = "SchedulingSoftware", "SchedulingSoftware\SchedulingSoftware.csproj", "{4EDF7B8E-2AC3-4514-9C1B-CC2D806C0EB9}"
EndProject
Global
	GlobalSection(SolutionConfigurationPlatforms) = preSolution
		Debug|Any CPU = Debug|Any CPU
		Release|Any CPU = Release|Any CPU
	EndGlobalSection
	GlobalSection(ProjectConfigurationPlatforms) = postSolution
		{4EDF7B8E-2AC3-4514-9C1B-CC2D806C0EB9}.Debug|Any CPU.ActiveCfg = Debug|Any CPU
		{4EDF7B8E-2AC3-4514-9C1B-CC2D806C0EB9}.Debug|Any CPU.Build.0 = Debug|Any CPU
		{4EDF7B8E-2AC3-4514-9C1B-CC2D806C0EB9}.Release|Any CPU.ActiveCfg = Release|Any CPU
		{4EDF7B8E-2AC3-4514-9C1B-CC2D806C0EB9}.Release|Any CPU.Build.0 = Release|Any CPU
	EndGlobalSection
	GlobalSection(SolutionProperties) = preSolution
		HideSolutionNode = FALSE
	EndGlobalSection
	GlobalSection(ExtensibilityGlobals) = postSolution
		SolutionGuid = {EB793812-FBA4-4B75-93DF-75A512253600}
	EndGlobalSection
EndGlobal
